// !$*UTF8*$!
{
	archiveVersion = 1;
	classes = {
	};
	objectVersion = 50;
	objects = {

/* Begin PBXBuildFile section */
		652B526E26D6C7C000224B16 /* FruitNutrientsView.swift in Sources */ = {isa = PBXBuildFile; fileRef = 652B526D26D6C7C000224B16 /* FruitNutrientsView.swift */; };
		6537931C26D7B899008D99CD /* SettingsView.swift in Sources */ = {isa = PBXBuildFile; fileRef = 6537931B26D7B899008D99CD /* SettingsView.swift */; };
		6537931F26D7D1D9008D99CD /* SettingsLabelView.swift in Sources */ = {isa = PBXBuildFile; fileRef = 6537931E26D7D1D9008D99CD /* SettingsLabelView.swift */; };
		6537932626D7D819008D99CD /* SettingRowView.swift in Sources */ = {isa = PBXBuildFile; fileRef = 6537932526D7D819008D99CD /* SettingRowView.swift */; };
		6575C6C326CACA390050BA4C /* StartButtonView.swift in Sources */ = {isa = PBXBuildFile; fileRef = 6575C6C226CACA390050BA4C /* StartButtonView.swift */; };
		6575C6C626CAD2A80050BA4C /* OnboardingView.swift in Sources */ = {isa = PBXBuildFile; fileRef = 6575C6C526CAD2A80050BA4C /* OnboardingView.swift */; };
		6575C6CA26CAD4970050BA4C /* FruitModel.swift in Sources */ = {isa = PBXBuildFile; fileRef = 6575C6C926CAD4970050BA4C /* FruitModel.swift */; };
		6575C6CF26CAD6680050BA4C /* FruitData.swift in Sources */ = {isa = PBXBuildFile; fileRef = 6575C6CE26CAD6680050BA4C /* FruitData.swift */; };
		65D62D8626C93DF3006030F5 /* FructusApp.swift in Sources */ = {isa = PBXBuildFile; fileRef = 65D62D8526C93DF3006030F5 /* FructusApp.swift */; };
		65D62D8826C93DF3006030F5 /* ContentView.swift in Sources */ = {isa = PBXBuildFile; fileRef = 65D62D8726C93DF3006030F5 /* ContentView.swift */; };
		65D62D8A26C93DFD006030F5 /* Assets.xcassets in Resources */ = {isa = PBXBuildFile; fileRef = 65D62D8926C93DFD006030F5 /* Assets.xcassets */; };
		65D62D8D26C93DFD006030F5 /* Preview Assets.xcassets in Resources */ = {isa = PBXBuildFile; fileRef = 65D62D8C26C93DFD006030F5 /* Preview Assets.xcassets */; };
		65D62D9A26C94411006030F5 /* FruitCardView.swift in Sources */ = {isa = PBXBuildFile; fileRef = 65D62D9926C94411006030F5 /* FruitCardView.swift */; };
		65FE115726D670210027C1E0 /* FruitRowView.swift in Sources */ = {isa = PBXBuildFile; fileRef = 65FE115626D670210027C1E0 /* FruitRowView.swift */; };
		65FE115A26D68D6A0027C1E0 /* FruitDetailView.swift in Sources */ = {isa = PBXBuildFile; fileRef = 65FE115926D68D6A0027C1E0 /* FruitDetailView.swift */; };
		65FE115D26D6B5170027C1E0 /* FruitHeaderView.swift in Sources */ = {isa = PBXBuildFile; fileRef = 65FE115C26D6B5170027C1E0 /* FruitHeaderView.swift */; };
		65FE116026D6BA560027C1E0 /* SourceLinkView.swift in Sources */ = {isa = PBXBuildFile; fileRef = 65FE115F26D6BA560027C1E0 /* SourceLinkView.swift */; };
/* End PBXBuildFile section */

/* Begin PBXFileReference section */
		652B526D26D6C7C000224B16 /* FruitNutrientsView.swift */ = {isa = PBXFileReference; lastKnownFileType = sourcecode.swift; path = FruitNutrientsView.swift; sourceTree = "<group>"; };
		6537931B26D7B899008D99CD /* SettingsView.swift */ = {isa = PBXFileReference; lastKnownFileType = sourcecode.swift; path = SettingsView.swift; sourceTree = "<group>"; };
		6537931E26D7D1D9008D99CD /* SettingsLabelView.swift */ = {isa = PBXFileReference; lastKnownFileType = sourcecode.swift; path = SettingsLabelView.swift; sourceTree = "<group>"; };
		6537932526D7D819008D99CD /* SettingRowView.swift */ = {isa = PBXFileReference; lastKnownFileType = sourcecode.swift; name = SettingRowView.swift; path = Fructus/View/SettingRowView.swift; sourceTree = SOURCE_ROOT; };
		6575C6C226CACA390050BA4C /* StartButtonView.swift */ = {isa = PBXFileReference; lastKnownFileType = sourcecode.swift; path = StartButtonView.swift; sourceTree = "<group>"; };
		6575C6C526CAD2A80050BA4C /* OnboardingView.swift */ = {isa = PBXFileReference; lastKnownFileType = sourcecode.swift; path = OnboardingView.swift; sourceTree = "<group>"; };
		6575C6C926CAD4970050BA4C /* FruitModel.swift */ = {isa = PBXFileReference; lastKnownFileType = sourcecode.swift; path = FruitModel.swift; sourceTree = "<group>"; };
		6575C6CE26CAD6680050BA4C /* FruitData.swift */ = {isa = PBXFileReference; lastKnownFileType = sourcecode.swift; path = FruitData.swift; sourceTree = "<group>"; };
		65D62D8226C93DF3006030F5 /* Fructus.app */ = {isa = PBXFileReference; explicitFileType = wrapper.application; includeInIndex = 0; path = Fructus.app; sourceTree = BUILT_PRODUCTS_DIR; };
		65D62D8526C93DF3006030F5 /* FructusApp.swift */ = {isa = PBXFileReference; lastKnownFileType = sourcecode.swift; path = FructusApp.swift; sourceTree = "<group>"; };
		65D62D8726C93DF3006030F5 /* ContentView.swift */ = {isa = PBXFileReference; lastKnownFileType = sourcecode.swift; path = ContentView.swift; sourceTree = "<group>"; };
		65D62D8926C93DFD006030F5 /* Assets.xcassets */ = {isa = PBXFileReference; lastKnownFileType = folder.assetcatalog; path = Assets.xcassets; sourceTree = "<group>"; };
		65D62D8C26C93DFD006030F5 /* Preview Assets.xcassets */ = {isa = PBXFileReference; lastKnownFileType = folder.assetcatalog; path = "Preview Assets.xcassets"; sourceTree = "<group>"; };
		65D62D8E26C93DFD006030F5 /* Info.plist */ = {isa = PBXFileReference; lastKnownFileType = text.plist.xml; path = Info.plist; sourceTree = "<group>"; };
		65D62D9926C94411006030F5 /* FruitCardView.swift */ = {isa = PBXFileReference; lastKnownFileType = sourcecode.swift; path = FruitCardView.swift; sourceTree = "<group>"; };
		65FE115626D670210027C1E0 /* FruitRowView.swift */ = {isa = PBXFileReference; lastKnownFileType = sourcecode.swift; path = FruitRowView.swift; sourceTree = "<group>"; };
		65FE115926D68D6A0027C1E0 /* FruitDetailView.swift */ = {isa = PBXFileReference; lastKnownFileType = sourcecode.swift; path = FruitDetailView.swift; sourceTree = "<group>"; };
		65FE115C26D6B5170027C1E0 /* FruitHeaderView.swift */ = {isa = PBXFileReference; lastKnownFileType = sourcecode.swift; path = FruitHeaderView.swift; sourceTree = "<group>"; };
		65FE115F26D6BA560027C1E0 /* SourceLinkView.swift */ = {isa = PBXFileReference; lastKnownFileType = sourcecode.swift; path = SourceLinkView.swift; sourceTree = "<group>"; };
/* End PBXFileReference section */

/* Begin PBXFrameworksBuildPhase section */
		65D62D7F26C93DF3006030F5 /* Frameworks */ = {
			isa = PBXFrameworksBuildPhase;
			buildActionMask = 2147483647;
			files = (
			);
			runOnlyForDeploymentPostprocessing = 0;
		};
/* End PBXFrameworksBuildPhase section */

/* Begin PBXGroup section */
		6575C6C826CAD4710050BA4C /* Model */ = {
			isa = PBXGroup;
			children = (
				6575C6C926CAD4970050BA4C /* FruitModel.swift */,
			);
			path = Model;
			sourceTree = "<group>";
		};
		6575C6CD26CAD64D0050BA4C /* Data */ = {
			isa = PBXGroup;
			children = (
				6575C6CE26CAD6680050BA4C /* FruitData.swift */,
			);
			path = Data;
			sourceTree = "<group>";
		};
		65D62D7926C93DF3006030F5 = {
			isa = PBXGroup;
			children = (
				65D62D8426C93DF3006030F5 /* Fructus */,
				65D62D8326C93DF3006030F5 /* Products */,
			);
			sourceTree = "<group>";
		};
		65D62D8326C93DF3006030F5 /* Products */ = {
			isa = PBXGroup;
			children = (
				65D62D8226C93DF3006030F5 /* Fructus.app */,
			);
			name = Products;
			sourceTree = "<group>";
		};
		65D62D8426C93DF3006030F5 /* Fructus */ = {
			isa = PBXGroup;
			children = (
				6575C6CD26CAD64D0050BA4C /* Data */,
				6575C6C826CAD4710050BA4C /* Model */,
				65D62D9826C943AF006030F5 /* View */,
				65D62D9626C94382006030F5 /* App */,
				65D62D8926C93DFD006030F5 /* Assets.xcassets */,
				65D62D8E26C93DFD006030F5 /* Info.plist */,
				65D62D8B26C93DFD006030F5 /* Preview Content */,
			);
			path = Fructus;
			sourceTree = "<group>";
		};
		65D62D8B26C93DFD006030F5 /* Preview Content */ = {
			isa = PBXGroup;
			children = (
				65D62D8C26C93DFD006030F5 /* Preview Assets.xcassets */,
			);
			path = "Preview Content";
			sourceTree = "<group>";
		};
		65D62D9626C94382006030F5 /* App */ = {
			isa = PBXGroup;
			children = (
				65D62D8526C93DF3006030F5 /* FructusApp.swift */,
				65D62D8726C93DF3006030F5 /* ContentView.swift */,
				6575C6C526CAD2A80050BA4C /* OnboardingView.swift */,
				65FE115926D68D6A0027C1E0 /* FruitDetailView.swift */,
				6537931B26D7B899008D99CD /* SettingsView.swift */,
				6537932526D7D819008D99CD /* SettingRowView.swift */,
			);
			path = App;
			sourceTree = "<group>";
		};
		65D62D9826C943AF006030F5 /* View */ = {
			isa = PBXGroup;
			children = (
				65D62D9926C94411006030F5 /* FruitCardView.swift */,
				6575C6C226CACA390050BA4C /* StartButtonView.swift */,
				65FE115626D670210027C1E0 /* FruitRowView.swift */,
				65FE115C26D6B5170027C1E0 /* FruitHeaderView.swift */,
				65FE115F26D6BA560027C1E0 /* SourceLinkView.swift */,
				652B526D26D6C7C000224B16 /* FruitNutrientsView.swift */,
				6537931E26D7D1D9008D99CD /* SettingsLabelView.swift */,
			);
			path = View;
			sourceTree = "<group>";
		};
/* End PBXGroup section */

/* Begin PBXNativeTarget section */
		65D62D8126C93DF3006030F5 /* Fructus */ = {
			isa = PBXNativeTarget;
			buildConfigurationList = 65D62D9126C93DFD006030F5 /* Build configuration list for PBXNativeTarget "Fructus" */;
			buildPhases = (
				65D62D7E26C93DF3006030F5 /* Sources */,
				65D62D7F26C93DF3006030F5 /* Frameworks */,
				65D62D8026C93DF3006030F5 /* Resources */,
			);
			buildRules = (
			);
			dependencies = (
			);
			name = Fructus;
			productName = Fructus;
			productReference = 65D62D8226C93DF3006030F5 /* Fructus.app */;
			productType = "com.apple.product-type.application";
		};
/* End PBXNativeTarget section */

/* Begin PBXProject section */
		65D62D7A26C93DF3006030F5 /* Project object */ = {
			isa = PBXProject;
			attributes = {
				LastSwiftUpdateCheck = 1240;
				LastUpgradeCheck = 1240;
				TargetAttributes = {
					65D62D8126C93DF3006030F5 = {
						CreatedOnToolsVersion = 12.4;
					};
				};
			};
			buildConfigurationList = 65D62D7D26C93DF3006030F5 /* Build configuration list for PBXProject "Fructus" */;
			compatibilityVersion = "Xcode 9.3";
			developmentRegion = en;
			hasScannedForEncodings = 0;
			knownRegions = (
				en,
				Base,
			);
			mainGroup = 65D62D7926C93DF3006030F5;
			productRefGroup = 65D62D8326C93DF3006030F5 /* Products */;
			projectDirPath = "";
			projectRoot = "";
			targets = (
				65D62D8126C93DF3006030F5 /* Fructus */,
			);
		};
/* End PBXProject section */

/* Begin PBXResourcesBuildPhase section */
		65D62D8026C93DF3006030F5 /* Resources */ = {
			isa = PBXResourcesBuildPhase;
			buildActionMask = 2147483647;
			files = (
				65D62D8D26C93DFD006030F5 /* Preview Assets.xcassets in Resources */,
				65D62D8A26C93DFD006030F5 /* Assets.xcassets in Resources */,
			);
			runOnlyForDeploymentPostprocessing = 0;
		};
/* End PBXResourcesBuildPhase section */

/* Begin PBXSourcesBuildPhase section */
		65D62D7E26C93DF3006030F5 /* Sources */ = {
			isa = PBXSourcesBuildPhase;
			buildActionMask = 2147483647;
			files = (
				6575C6CF26CAD6680050BA4C /* FruitData.swift in Sources */,
				65FE116026D6BA560027C1E0 /* SourceLinkView.swift in Sources */,
				65D62D9A26C94411006030F5 /* FruitCardView.swift in Sources */,
				65FE115726D670210027C1E0 /* FruitRowView.swift in Sources */,
				652B526E26D6C7C000224B16 /* FruitNutrientsView.swift in Sources */,
				6575C6C326CACA390050BA4C /* StartButtonView.swift in Sources */,
				65FE115A26D68D6A0027C1E0 /* FruitDetailView.swift in Sources */,
				65D62D8826C93DF3006030F5 /* ContentView.swift in Sources */,
				65FE115D26D6B5170027C1E0 /* FruitHeaderView.swift in Sources */,
				6575C6C626CAD2A80050BA4C /* OnboardingView.swift in Sources */,
				6537931F26D7D1D9008D99CD /* SettingsLabelView.swift in Sources */,
				6575C6CA26CAD4970050BA4C /* FruitModel.swift in Sources */,
				65D62D8626C93DF3006030F5 /* FructusApp.swift in Sources */,
				6537931C26D7B899008D99CD /* SettingsView.swift in Sources */,
				6537932626D7D819008D99CD /* SettingRowView.swift in Sources */,
			);
			runOnlyForDeploymentPostprocessing = 0;
		};
/* End PBXSourcesBuildPhase section */

/* Begin XCBuildConfiguration section */
		65D62D8F26C93DFD006030F5 /* Debug */ = {
			isa = XCBuildConfiguration;
			buildSettings = {
				ALWAYS_SEARCH_USER_PATHS = NO;
				CLANG_ANALYZER_NONNULL = YES;
				CLANG_ANALYZER_NUMBER_OBJECT_CONVERSION = YES_AGGRESSIVE;
				CLANG_CXX_LANGUAGE_STANDARD = "gnu++14";
				CLANG_CXX_LIBRARY = "libc++";
				CLANG_ENABLE_MODULES = YES;
				CLANG_ENABLE_OBJC_ARC = YES;
				CLANG_ENABLE_OBJC_WEAK = YES;
				CLANG_WARN_BLOCK_CAPTURE_AUTORELEASING = YES;
				CLANG_WARN_BOOL_CONVERSION = YES;
				CLANG_WARN_COMMA = YES;
				CLANG_WARN_CONSTANT_CONVERSION = YES;
				CLANG_WARN_DEPRECATED_OBJC_IMPLEMENTATIONS = YES;
				CLANG_WARN_DIRECT_OBJC_ISA_USAGE = YES_ERROR;
				CLANG_WARN_DOCUMENTATION_COMMENTS = YES;
				CLANG_WARN_EMPTY_BODY = YES;
				CLANG_WARN_ENUM_CONVERSION = YES;
				CLANG_WARN_INFINITE_RECURSION = YES;
				CLANG_WARN_INT_CONVERSION = YES;
				CLANG_WARN_NON_LITERAL_NULL_CONVERSION = YES;
				CLANG_WARN_OBJC_IMPLICIT_RETAIN_SELF = YES;
				CLANG_WARN_OBJC_LITERAL_CONVERSION = YES;
				CLANG_WARN_OBJC_ROOT_CLASS = YES_ERROR;
				CLANG_WARN_QUOTED_INCLUDE_IN_FRAMEWORK_HEADER = YES;
				CLANG_WARN_RANGE_LOOP_ANALYSIS = YES;
				CLANG_WARN_STRICT_PROTOTYPES = YES;
				CLANG_WARN_SUSPICIOUS_MOVE = YES;
				CLANG_WARN_UNGUARDED_AVAILABILITY = YES_AGGRESSIVE;
				CLANG_WARN_UNREACHABLE_CODE = YES;
				CLANG_WARN__DUPLICATE_METHOD_MATCH = YES;
				COPY_PHASE_STRIP = NO;
				DEBUG_INFORMATION_FORMAT = dwarf;
				ENABLE_STRICT_OBJC_MSGSEND = YES;
				ENABLE_TESTABILITY = YES;
				GCC_C_LANGUAGE_STANDARD = gnu11;
				GCC_DYNAMIC_NO_PIC = NO;
				GCC_NO_COMMON_BLOCKS = YES;
				GCC_OPTIMIZATION_LEVEL = 0;
				GCC_PREPROCESSOR_DEFINITIONS = (
					"DEBUG=1",
					"$(inherited)",
				);
				GCC_WARN_64_TO_32_BIT_CONVERSION = YES;
				GCC_WARN_ABOUT_RETURN_TYPE = YES_ERROR;
				GCC_WARN_UNDECLARED_SELECTOR = YES;
				GCC_WARN_UNINITIALIZED_AUTOS = YES_AGGRESSIVE;
				GCC_WARN_UNUSED_FUNCTION = YES;
				GCC_WARN_UNUSED_VARIABLE = YES;
				IPHONEOS_DEPLOYMENT_TARGET = 14.4;
				MTL_ENABLE_DEBUG_INFO = INCLUDE_SOURCE;
				MTL_FAST_MATH = YES;
				ONLY_ACTIVE_ARCH = YES;
				SDKROOT = iphoneos;
				SWIFT_ACTIVE_COMPILATION_CONDITIONS = DEBUG;
				SWIFT_OPTIMIZATION_LEVEL = "-Onone";
			};
			name = Debug;
		};
		65D62D9026C93DFD006030F5 /* Release */ = {
			isa = XCBuildConfiguration;
			buildSettings = {
				ALWAYS_SEARCH_USER_PATHS = NO;
				CLANG_ANALYZER_NONNULL = YES;
				CLANG_ANALYZER_NUMBER_OBJECT_CONVERSION = YES_AGGRESSIVE;
				CLANG_CXX_LANGUAGE_STANDARD = "gnu++14";
				CLANG_CXX_LIBRARY = "libc++";
				CLANG_ENABLE_MODULES = YES;
				CLANG_ENABLE_OBJC_ARC = YES;
				CLANG_ENABLE_OBJC_WEAK = YES;
				CLANG_WARN_BLOCK_CAPTURE_AUTORELEASING = YES;
				CLANG_WARN_BOOL_CONVERSION = YES;
				CLANG_WARN_COMMA = YES;
				CLANG_WARN_CONSTANT_CONVERSION = YES;
				CLANG_WARN_DEPRECATED_OBJC_IMPLEMENTATIONS = YES;
				CLANG_WARN_DIRECT_OBJC_ISA_USAGE = YES_ERROR;
				CLANG_WARN_DOCUMENTATION_COMMENTS = YES;
				CLANG_WARN_EMPTY_BODY = YES;
				CLANG_WARN_ENUM_CONVERSION = YES;
				CLANG_WARN_INFINITE_RECURSION = YES;
				CLANG_WARN_INT_CONVERSION = YES;
				CLANG_WARN_NON_LITERAL_NULL_CONVERSION = YES;
				CLANG_WARN_OBJC_IMPLICIT_RETAIN_SELF = YES;
				CLANG_WARN_OBJC_LITERAL_CONVERSION = YES;
				CLANG_WARN_OBJC_ROOT_CLASS = YES_ERROR;
				CLANG_WARN_QUOTED_INCLUDE_IN_FRAMEWORK_HEADER = YES;
				CLANG_WARN_RANGE_LOOP_ANALYSIS = YES;
				CLANG_WARN_STRICT_PROTOTYPES = YES;
				CLANG_WARN_SUSPICIOUS_MOVE = YES;
				CLANG_WARN_UNGUARDED_AVAILABILITY = YES_AGGRESSIVE;
				CLANG_WARN_UNREACHABLE_CODE = YES;
				CLANG_WARN__DUPLICATE_METHOD_MATCH = YES;
				COPY_PHASE_STRIP = NO;
				DEBUG_INFORMATION_FORMAT = "dwarf-with-dsym";
				ENABLE_NS_ASSERTIONS = NO;
				ENABLE_STRICT_OBJC_MSGSEND = YES;
				GCC_C_LANGUAGE_STANDARD = gnu11;
				GCC_NO_COMMON_BLOCKS = YES;
				GCC_WARN_64_TO_32_BIT_CONVERSION = YES;
				GCC_WARN_ABOUT_RETURN_TYPE = YES_ERROR;
				GCC_WARN_UNDECLARED_SELECTOR = YES;
				GCC_WARN_UNINITIALIZED_AUTOS = YES_AGGRESSIVE;
				GCC_WARN_UNUSED_FUNCTION = YES;
				GCC_WARN_UNUSED_VARIABLE = YES;
				IPHONEOS_DEPLOYMENT_TARGET = 14.4;
				MTL_ENABLE_DEBUG_INFO = NO;
				MTL_FAST_MATH = YES;
				SDKROOT = iphoneos;
				SWIFT_COMPILATION_MODE = wholemodule;
				SWIFT_OPTIMIZATION_LEVEL = "-O";
				VALIDATE_PRODUCT = YES;
			};
			name = Release;
		};
		65D62D9226C93DFD006030F5 /* Debug */ = {
			isa = XCBuildConfiguration;
			buildSettings = {
				ASSETCATALOG_COMPILER_APPICON_NAME = AppIcon;
				ASSETCATALOG_COMPILER_GLOBAL_ACCENT_COLOR_NAME = AccentColor;
				CODE_SIGN_STYLE = Automatic;
				DEVELOPMENT_ASSET_PATHS = "\"Fructus/Preview Content\"";
				DEVELOPMENT_TEAM = 63YQ4358S6;
				ENABLE_PREVIEWS = YES;
				INFOPLIST_FILE = Fructus/Info.plist;
				IPHONEOS_DEPLOYMENT_TARGET = 14.0;
				LD_RUNPATH_SEARCH_PATHS = (
					"$(inherited)",
					"@executable_path/Frameworks",
				);
				PRODUCT_BUNDLE_IDENTIFIER = lol.Fructus;
				PRODUCT_NAME = "$(TARGET_NAME)";
				SWIFT_VERSION = 5.0;
				TARGETED_DEVICE_FAMILY = "1,2";
			};
			name = Debug;
		};
		65D62D9326C93DFD006030F5 /* Release */ = {
			isa = XCBuildConfiguration;
			buildSettings = {
				ASSETCATALOG_COMPILER_APPICON_NAME = AppIcon;
				ASSETCATALOG_COMPILER_GLOBAL_ACCENT_COLOR_NAME = AccentColor;
				CODE_SIGN_STYLE = Automatic;
				DEVELOPMENT_ASSET_PATHS = "\"Fructus/Preview Content\"";
				DEVELOPMENT_TEAM = 63YQ4358S6;
				ENABLE_PREVIEWS = YES;
				INFOPLIST_FILE = Fructus/Info.plist;
				IPHONEOS_DEPLOYMENT_TARGET = 14.0;
				LD_RUNPATH_SEARCH_PATHS = (
					"$(inherited)",
					"@executable_path/Frameworks",
				);
				PRODUCT_BUNDLE_IDENTIFIER = lol.Fructus;
				PRODUCT_NAME = "$(TARGET_NAME)";
				SWIFT_VERSION = 5.0;
				TARGETED_DEVICE_FAMILY = "1,2";
			};
			name = Release;
		};
/* End XCBuildConfiguration section */

/* Begin XCConfigurationList section */
		65D62D7D26C93DF3006030F5 /* Build configuration list for PBXProject "Fructus" */ = {
			isa = XCConfigurationList;
			buildConfigurations = (
				65D62D8F26C93DFD006030F5 /* Debug */,
				65D62D9026C93DFD006030F5 /* Release */,
			);
			defaultConfigurationIsVisible = 0;
			defaultConfigurationName = Release;
		};
		65D62D9126C93DFD006030F5 /* Build configuration list for PBXNativeTarget "Fructus" */ = {
			isa = XCConfigurationList;
			buildConfigurations = (
				65D62D9226C93DFD006030F5 /* Debug */,
				65D62D9326C93DFD006030F5 /* Release */,
			);
			defaultConfigurationIsVisible = 0;
			defaultConfigurationName = Release;
		};
/* End XCConfigurationList section */
	};
	rootObject = 65D62D7A26C93DF3006030F5 /* Project object */;
}
